
Microsoft Visual Studio Solution File, Format Version 12.00
# Visual Studio 15
VisualStudioVersion = 15.0.27703.2047
MinimumVisualStudioVersion = 10.0.40219.1
Project("{2150E333-8FDC-42A3-9474-1A3956D46DE8}") = "01Data", "01Data", "{78D59A0A-9207-4206-9805-DC547DB3A59E}"
EndProject
Project("{2150E333-8FDC-42A3-9474-1A3956D46DE8}") = "02Core", "02Core", "{CC95ED63-6014-40FC-82FC-22D743B29039}"
EndProject
Project("{2150E333-8FDC-42A3-9474-1A3956D46DE8}") = "03Services", "03Services", "{3AF3D469-93A1-40DF-9916-32CA28472DB1}"
EndProject
Project("{2150E333-8FDC-42A3-9474-1A3956D46DE8}") = "04Common", "04Common", "{8A0FAE8E-DE77-4695-8ABE-E20D283324AC}"
EndProject
Project("{2150E333-8FDC-42A3-9474-1A3956D46DE8}") = "05UI", "05UI", "{1390A527-9E10-4434-9266-A60E7063D99B}"
EndProject
Project("{FAE04EC0-301F-11D3-BF4B-00C04F79EFBC}") = "Years.IRepository", "Years.IRepository\Years.IRepository.csproj", "{1B064264-1E5A-40A3-A150-A73E12D9D02A}"
EndProject
Project("{FAE04EC0-301F-11D3-BF4B-00C04F79EFBC}") = "Years.Repository", "Years.Repository\Years.Repository.csproj", "{E3ECA35D-1540-44C2-9222-BA11ED9343F1}"
EndProject
Project("{FAE04EC0-301F-11D3-BF4B-00C04F79EFBC}") = "Years.IServices", "Years.IServices\Years.IServices.csproj", "{A8657D8F-3656-4CED-B3A0-7ABC44211B8F}"
EndProject
Project("{FAE04EC0-301F-11D3-BF4B-00C04F79EFBC}") = "Years.Services", "Years.Services\Years.Services.csproj", "{9C26B287-FC89-41E4-889C-81C1288CFF42}"
EndProject
Project("{FAE04EC0-301F-11D3-BF4B-00C04F79EFBC}") = "Years.WebUI", "Years\Years.WebUI.csproj", "{33C72AE8-5E52-47C1-B792-C607915E371A}"
EndProject
Project("{FAE04EC0-301F-11D3-BF4B-00C04F79EFBC}") = "UtilLib", "UtilLib\UtilLib.csproj", "{3F210BD2-4F26-4378-9C1C-1547FE86C445}"
EndProject
Project("{FAE04EC0-301F-11D3-BF4B-00C04F79EFBC}") = "Years.Common", "Years.Common\Years.Common.csproj", "{EB8FC770-C49A-4624-A549-8B003D741BAD}"
EndProject
Project("{FAE04EC0-301F-11D3-BF4B-00C04F79EFBC}") = "Years.WebCore", "Years.WebCore\Years.WebCore.csproj", "{4649ACEF-8377-4005-8B88-FE642772D258}"
EndProject
Project("{FAE04EC0-301F-11D3-BF4B-00C04F79EFBC}") = "Years.ViewModel", "Years.ViewModel\Years.ViewModel.csproj", "{9C148918-C9E2-447C-AB08-B8EAB45A09C5}"
EndProject
Project("{FAE04EC0-301F-11D3-BF4B-00C04F79EFBC}") = "Years.Model", "Years.Model\Years.Model.csproj", "{7A3E0C83-A1A6-4DD5-A87E-F6DCC75466B6}"
EndProject
Project("{FAE04EC0-301F-11D3-BF4B-00C04F79EFBC}") = "plane", "plane\plane.csproj", "{673BBB17-30F3-40B6-A08D-9C1FF324DD98}"
EndProject
Global
	GlobalSection(SolutionConfigurationPlatforms) = preSolution
		Debug|Any CPU = Debug|Any CPU
		Release|Any CPU = Release|Any CPU
	EndGlobalSection
	GlobalSection(ProjectConfigurationPlatforms) = postSolution
		{1B064264-1E5A-40A3-A150-A73E12D9D02A}.Debug|Any CPU.ActiveCfg = Debug|Any CPU
		{1B064264-1E5A-40A3-A150-A73E12D9D02A}.Debug|Any CPU.Build.0 = Debug|Any CPU
		{1B064264-1E5A-40A3-A150-A73E12D9D02A}.Release|Any CPU.ActiveCfg = Release|Any CPU
		{1B064264-1E5A-40A3-A150-A73E12D9D02A}.Release|Any CPU.Build.0 = Release|Any CPU
		{E3ECA35D-1540-44C2-9222-BA11ED9343F1}.Debug|Any CPU.ActiveCfg = Debug|Any CPU
		{E3ECA35D-1540-44C2-9222-BA11ED9343F1}.Debug|Any CPU.Build.0 = Debug|Any CPU
		{E3ECA35D-1540-44C2-9222-BA11ED9343F1}.Release|Any CPU.ActiveCfg = Release|Any CPU
		{E3ECA35D-1540-44C2-9222-BA11ED9343F1}.Release|Any CPU.Build.0 = Release|Any CPU
		{A8657D8F-3656-4CED-B3A0-7ABC44211B8F}.Debug|Any CPU.ActiveCfg = Debug|Any CPU
		{A8657D8F-3656-4CED-B3A0-7ABC44211B8F}.Debug|Any CPU.Build.0 = Debug|Any CPU
		{A8657D8F-3656-4CED-B3A0-7ABC44211B8F}.Release|Any CPU.ActiveCfg = Release|Any CPU
		{A8657D8F-3656-4CED-B3A0-7ABC44211B8F}.Release|Any CPU.Build.0 = Release|Any CPU
		{9C26B287-FC89-41E4-889C-81C1288CFF42}.Debug|Any CPU.ActiveCfg = Debug|Any CPU
		{9C26B287-FC89-41E4-889C-81C1288CFF42}.Debug|Any CPU.Build.0 = Debug|Any CPU
		{9C26B287-FC89-41E4-889C-81C1288CFF42}.Release|Any CPU.ActiveCfg = Release|Any CPU
		{9C26B287-FC89-41E4-889C-81C1288CFF42}.Release|Any CPU.Build.0 = Release|Any CPU
		{33C72AE8-5E52-47C1-B792-C607915E371A}.Debug|Any CPU.ActiveCfg = Debug|Any CPU
		{33C72AE8-5E52-47C1-B792-C607915E371A}.Debug|Any CPU.Build.0 = Debug|Any CPU
		{33C72AE8-5E52-47C1-B792-C607915E371A}.Release|Any CPU.ActiveCfg = Release|Any CPU
		{33C72AE8-5E52-47C1-B792-C607915E371A}.Release|Any CPU.Build.0 = Release|Any CPU
		{3F210BD2-4F26-4378-9C1C-1547FE86C445}.Debug|Any CPU.ActiveCfg = Debug|Any CPU
		{3F210BD2-4F26-4378-9C1C-1547FE86C445}.Debug|Any CPU.Build.0 = Debug|Any CPU
		{3F210BD2-4F26-4378-9C1C-1547FE86C445}.Release|Any CPU.ActiveCfg = Release|Any CPU
		{3F210BD2-4F26-4378-9C1C-1547FE86C445}.Release|Any CPU.Build.0 = Release|Any CPU
		{EB8FC770-C49A-4624-A549-8B003D741BAD}.Debug|Any CPU.ActiveCfg = Debug|Any CPU
		{EB8FC770-C49A-4624-A549-8B003D741BAD}.Debug|Any CPU.Build.0 = Debug|Any CPU
		{EB8FC770-C49A-4624-A549-8B003D741BAD}.Release|Any CPU.ActiveCfg = Release|Any CPU
		{EB8FC770-C49A-4624-A549-8B003D741BAD}.Release|Any CPU.Build.0 = Release|Any CPU
		{4649ACEF-8377-4005-8B88-FE642772D258}.Debug|Any CPU.ActiveCfg = Debug|Any CPU
		{4649ACEF-8377-4005-8B88-FE642772D258}.Debug|Any CPU.Build.0 = Debug|Any CPU
		{4649ACEF-8377-4005-8B88-FE642772D258}.Release|Any CPU.ActiveCfg = Release|Any CPU
		{4649ACEF-8377-4005-8B88-FE642772D258}.Release|Any CPU.Build.0 = Release|Any CPU
		{9C148918-C9E2-447C-AB08-B8EAB45A09C5}.Debug|Any CPU.ActiveCfg = Debug|Any CPU
		{9C148918-C9E2-447C-AB08-B8EAB45A09C5}.Debug|Any CPU.Build.0 = Debug|Any CPU
		{9C148918-C9E2-447C-AB08-B8EAB45A09C5}.Release|Any CPU.ActiveCfg = Release|Any CPU
		{9C148918-C9E2-447C-AB08-B8EAB45A09C5}.Release|Any CPU.Build.0 = Release|Any CPU
		{7A3E0C83-A1A6-4DD5-A87E-F6DCC75466B6}.Debug|Any CPU.ActiveCfg = Debug|Any CPU
		{7A3E0C83-A1A6-4DD5-A87E-F6DCC75466B6}.Debug|Any CPU.Build.0 = Debug|Any CPU
		{7A3E0C83-A1A6-4DD5-A87E-F6DCC75466B6}.Release|Any CPU.ActiveCfg = Release|Any CPU
		{7A3E0C83-A1A6-4DD5-A87E-F6DCC75466B6}.Release|Any CPU.Build.0 = Release|Any CPU
		{673BBB17-30F3-40B6-A08D-9C1FF324DD98}.Debug|Any CPU.ActiveCfg = Debug|Any CPU
		{673BBB17-30F3-40B6-A08D-9C1FF324DD98}.Debug|Any CPU.Build.0 = Debug|Any CPU
		{673BBB17-30F3-40B6-A08D-9C1FF324DD98}.Release|Any CPU.ActiveCfg = Release|Any CPU
		{673BBB17-30F3-40B6-A08D-9C1FF324DD98}.Release|Any CPU.Build.0 = Release|Any CPU
	EndGlobalSection
	GlobalSection(SolutionProperties) = preSolution
		HideSolutionNode = FALSE
	EndGlobalSection
	GlobalSection(NestedProjects) = preSolution
		{1B064264-1E5A-40A3-A150-A73E12D9D02A} = {CC95ED63-6014-40FC-82FC-22D743B29039}
		{E3ECA35D-1540-44C2-9222-BA11ED9343F1} = {CC95ED63-6014-40FC-82FC-22D743B29039}
		{A8657D8F-3656-4CED-B3A0-7ABC44211B8F} = {3AF3D469-93A1-40DF-9916-32CA28472DB1}
		{9C26B287-FC89-41E4-889C-81C1288CFF42} = {3AF3D469-93A1-40DF-9916-32CA28472DB1}
		{33C72AE8-5E52-47C1-B792-C607915E371A} = {1390A527-9E10-4434-9266-A60E7063D99B}
		{3F210BD2-4F26-4378-9C1C-1547FE86C445} = {8A0FAE8E-DE77-4695-8ABE-E20D283324AC}
		{EB8FC770-C49A-4624-A549-8B003D741BAD} = {8A0FAE8E-DE77-4695-8ABE-E20D283324AC}
		{4649ACEF-8377-4005-8B88-FE642772D258} = {1390A527-9E10-4434-9266-A60E7063D99B}
		{9C148918-C9E2-447C-AB08-B8EAB45A09C5} = {78D59A0A-9207-4206-9805-DC547DB3A59E}
		{7A3E0C83-A1A6-4DD5-A87E-F6DCC75466B6} = {78D59A0A-9207-4206-9805-DC547DB3A59E}
		{673BBB17-30F3-40B6-A08D-9C1FF324DD98} = {1390A527-9E10-4434-9266-A60E7063D99B}
	EndGlobalSection
	GlobalSection(ExtensibilityGlobals) = postSolution
		SolutionGuid = {8F509243-13D9-4694-9A37-87863C82B535}
	EndGlobalSection
EndGlobal
